
Microsoft Visual Studio Solution File, Format Version 12.00
# Visual Studio Version 17
VisualStudioVersion = 17.14.36518.9 d17.14
MinimumVisualStudioVersion = 10.0.40219.1
Project("{FAE04EC0-301F-11D3-BF4B-00C04F79EFBC}") = "u23693313_HW03", "u23693313_HW03\u23693313_HW03.csproj", "{FD526DAA-24E4-455E-AD0D-B22F25F93095}"
EndProject
Global
	GlobalSection(SolutionConfigurationPlatforms) = preSolution
		Debug|Any CPU = Debug|Any CPU
		Release|Any CPU = Release|Any CPU
	EndGlobalSection
	GlobalSection(ProjectConfigurationPlatforms) = postSolution
		{FD526DAA-24E4-455E-AD0D-B22F25F93095}.Debug|Any CPU.ActiveCfg = Debug|Any CPU
		{FD526DAA-24E4-455E-AD0D-B22F25F93095}.Debug|Any CPU.Build.0 = Debug|Any CPU
		{FD526DAA-24E4-455E-AD0D-B22F25F93095}.Release|Any CPU.ActiveCfg = Release|Any CPU
		{FD526DAA-24E4-455E-AD0D-B22F25F93095}.Release|Any CPU.Build.0 = Release|Any CPU
	EndGlobalSection
	GlobalSection(SolutionProperties) = preSolution
		HideSolutionNode = FALSE
	EndGlobalSection
	GlobalSection(ExtensibilityGlobals) = postSolution
		SolutionGuid = {0EA6B33A-8A2F-4C80-B06B-37E039FBDD37}
	EndGlobalSection
EndGlobal
